// !$*UTF8*$!
{
	archiveVersion = 1;
	classes = {
	};
	objectVersion = 77;
	objects = {

/* Begin PBXBuildFile section */
		C05784272F5D8384004C7FCD /* DestinationPickerView.swift in Sources */ = {isa = PBXBuildFile; fileRef = C05784262F5D8384004C7FCD /* DestinationPickerView.swift */; };
		C074F6A32F5D698E0078A78D /* RoadsideStation.swift in Sources */ = {isa = PBXBuildFile; fileRef = C074F6A22F5D698E0078A78D /* RoadsideStation.swift */; };
		C074F6A52F5D69AD0078A78D /* GeoUtils.swift in Sources */ = {isa = PBXBuildFile; fileRef = C074F6A42F5D69AD0078A78D /* GeoUtils.swift */; };
		C074F6A72F5D69CD0078A78D /* RoadsideStationService.swift in Sources */ = {isa = PBXBuildFile; fileRef = C074F6A62F5D69CD0078A78D /* RoadsideStationService.swift */; };
		C074F6A92F5D74290078A78D /* AppSettings.swift in Sources */ = {isa = PBXBuildFile; fileRef = C074F6A82F5D74290078A78D /* AppSettings.swift */; };
		C074F6AC2F5D74300078A78D /* SettingsView.swift in Sources */ = {isa = PBXBuildFile; fileRef = C074F6AB2F5D74300078A78D /* SettingsView.swift */; };
		C074F6AE2F5D743C0078A78D /* NavigationService.swift in Sources */ = {isa = PBXBuildFile; fileRef = C074F6AD2F5D743C0078A78D /* NavigationService.swift */; };
		C07AEF582F5D554A00746EB7 /* CarPlay.framework in Frameworks */ = {isa = PBXBuildFile; fileRef = C07AEF572F5D554A00746EB7 /* CarPlay.framework */; };
		C0D58F4C2F5D4E91006A068E /* ContentView.swift in Sources */ = {isa = PBXBuildFile; fileRef = C0D58F482F5D4E91006A068E /* ContentView.swift */; };
		C0D58F4E2F5D4E91006A068E /* MichiNaviApp.swift in Sources */ = {isa = PBXBuildFile; fileRef = C0D58F4A2F5D4E91006A068E /* MichiNaviApp.swift */; };
		C0D58F5C2F5D4F62006A068E /* AppDelegate.swift in Sources */ = {isa = PBXBuildFile; fileRef = C0D58F5B2F5D4F62006A068E /* AppDelegate.swift */; };
		C0D58F5E2F5D4F9A006A068E /* CarPlaySceneDelegate.swift in Sources */ = {isa = PBXBuildFile; fileRef = C0D58F5D2F5D4F9A006A068E /* CarPlaySceneDelegate.swift */; };
		C0D58F602F5D4FB6006A068E /* DriveState.swift in Sources */ = {isa = PBXBuildFile; fileRef = C0D58F5F2F5D4FB6006A068E /* DriveState.swift */; };
		C0D58F622F5D4FE1006A068E /* LocationService.swift in Sources */ = {isa = PBXBuildFile; fileRef = C0D58F612F5D4FE1006A068E /* LocationService.swift */; };
		C0F7A72B2F5D9245001C4927 /* StationDetailView.swift in Sources */ = {isa = PBXBuildFile; fileRef = C0F7A72A2F5D9245001C4927 /* StationDetailView.swift */; };
/* End PBXBuildFile section */

/* Begin PBXContainerItemProxy section */
		C0DE0CFF2F5D4E36007BA897 /* PBXContainerItemProxy */ = {
			isa = PBXContainerItemProxy;
			containerPortal = C0DE0CE72F5D4E35007BA897 /* Project object */;
			proxyType = 1;
			remoteGlobalIDString = C0DE0CEE2F5D4E35007BA897;
			remoteInfo = MichiNavi;
		};
		C0DE0D092F5D4E36007BA897 /* PBXContainerItemProxy */ = {
			isa = PBXContainerItemProxy;
			containerPortal = C0DE0CE72F5D4E35007BA897 /* Project object */;
			proxyType = 1;
			remoteGlobalIDString = C0DE0CEE2F5D4E35007BA897;
			remoteInfo = MichiNavi;
		};
/* End PBXContainerItemProxy section */

/* Begin PBXFileReference section */
		C05784262F5D8384004C7FCD /* DestinationPickerView.swift */ = {isa = PBXFileReference; lastKnownFileType = sourcecode.swift; path = DestinationPickerView.swift; sourceTree = "<group>"; };
		C074F6A22F5D698E0078A78D /* RoadsideStation.swift */ = {isa = PBXFileReference; lastKnownFileType = sourcecode.swift; path = RoadsideStation.swift; sourceTree = "<group>"; };
		C074F6A42F5D69AD0078A78D /* GeoUtils.swift */ = {isa = PBXFileReference; lastKnownFileType = sourcecode.swift; path = GeoUtils.swift; sourceTree = "<group>"; };
		C074F6A62F5D69CD0078A78D /* RoadsideStationService.swift */ = {isa = PBXFileReference; lastKnownFileType = sourcecode.swift; path = RoadsideStationService.swift; sourceTree = "<group>"; };
		C074F6A82F5D74290078A78D /* AppSettings.swift */ = {isa = PBXFileReference; lastKnownFileType = sourcecode.swift; path = AppSettings.swift; sourceTree = "<group>"; };
		C074F6AB2F5D74300078A78D /* SettingsView.swift */ = {isa = PBXFileReference; lastKnownFileType = sourcecode.swift; path = SettingsView.swift; sourceTree = "<group>"; };
		C074F6AD2F5D743C0078A78D /* NavigationService.swift */ = {isa = PBXFileReference; lastKnownFileType = sourcecode.swift; path = NavigationService.swift; sourceTree = "<group>"; };
		C07AEF572F5D554A00746EB7 /* CarPlay.framework */ = {isa = PBXFileReference; lastKnownFileType = wrapper.framework; name = CarPlay.framework; path = System/Library/Frameworks/CarPlay.framework; sourceTree = SDKROOT; };
		C0D58F482F5D4E91006A068E /* ContentView.swift */ = {isa = PBXFileReference; lastKnownFileType = sourcecode.swift; path = ContentView.swift; sourceTree = "<group>"; };
		C0D58F4A2F5D4E91006A068E /* MichiNaviApp.swift */ = {isa = PBXFileReference; lastKnownFileType = sourcecode.swift; path = MichiNaviApp.swift; sourceTree = "<group>"; };
		C0D58F5B2F5D4F62006A068E /* AppDelegate.swift */ = {isa = PBXFileReference; lastKnownFileType = sourcecode.swift; path = AppDelegate.swift; sourceTree = "<group>"; };
		C0D58F5D2F5D4F9A006A068E /* CarPlaySceneDelegate.swift */ = {isa = PBXFileReference; lastKnownFileType = sourcecode.swift; path = CarPlaySceneDelegate.swift; sourceTree = "<group>"; };
		C0D58F5F2F5D4FB6006A068E /* DriveState.swift */ = {isa = PBXFileReference; lastKnownFileType = sourcecode.swift; path = DriveState.swift; sourceTree = "<group>"; };
		C0D58F612F5D4FE1006A068E /* LocationService.swift */ = {isa = PBXFileReference; lastKnownFileType = sourcecode.swift; path = LocationService.swift; sourceTree = "<group>"; };
		C0DE0CEF2F5D4E35007BA897 /* MichiNavi.app */ = {isa = PBXFileReference; explicitFileType = wrapper.application; includeInIndex = 0; path = MichiNavi.app; sourceTree = BUILT_PRODUCTS_DIR; };
		C0DE0CFE2F5D4E36007BA897 /* MichiNaviTests.xctest */ = {isa = PBXFileReference; explicitFileType = wrapper.cfbundle; includeInIndex = 0; path = MichiNaviTests.xctest; sourceTree = BUILT_PRODUCTS_DIR; };
		C0DE0D082F5D4E36007BA897 /* MichiNaviUITests.xctest */ = {isa = PBXFileReference; explicitFileType = wrapper.cfbundle; includeInIndex = 0; path = MichiNaviUITests.xctest; sourceTree = BUILT_PRODUCTS_DIR; };
		C0F7A72A2F5D9245001C4927 /* StationDetailView.swift */ = {isa = PBXFileReference; lastKnownFileType = sourcecode.swift; path = StationDetailView.swift; sourceTree = "<group>"; };
/* End PBXFileReference section */

/* Begin PBXFileSystemSynchronizedBuildFileExceptionSet section */
		C07AEF552F5D541400746EB7 /* Exceptions for "MichiNavi" folder in "MichiNavi" target */ = {
			isa = PBXFileSystemSynchronizedBuildFileExceptionSet;
			membershipExceptions = (
				Info.plist,
			);
			target = C0DE0CEE2F5D4E35007BA897 /* MichiNavi */;
		};
/* End PBXFileSystemSynchronizedBuildFileExceptionSet section */

/* Begin PBXFileSystemSynchronizedRootGroup section */
		C0DE0CF12F5D4E35007BA897 /* MichiNavi */ = {
			isa = PBXFileSystemSynchronizedRootGroup;
			exceptions = (
				C07AEF552F5D541400746EB7 /* Exceptions for "MichiNavi" folder in "MichiNavi" target */,
			);
			path = MichiNavi;
			sourceTree = "<group>";
		};
		C0DE0D012F5D4E36007BA897 /* MichiNaviTests */ = {
			isa = PBXFileSystemSynchronizedRootGroup;
			path = MichiNaviTests;
			sourceTree = "<group>";
		};
		C0DE0D0B2F5D4E36007BA897 /* MichiNaviUITests */ = {
			isa = PBXFileSystemSynchronizedRootGroup;
			path = MichiNaviUITests;
			sourceTree = "<group>";
		};
/* End PBXFileSystemSynchronizedRootGroup section */

/* Begin PBXFrameworksBuildPhase section */
		C0DE0CEC2F5D4E35007BA897 /* Frameworks */ = {
			isa = PBXFrameworksBuildPhase;
			buildActionMask = 2147483647;
			files = (
				C07AEF582F5D554A00746EB7 /* CarPlay.framework in Frameworks */,
			);
			runOnlyForDeploymentPostprocessing = 0;
		};
		C0DE0CFB2F5D4E36007BA897 /* Frameworks */ = {
			isa = PBXFrameworksBuildPhase;
			buildActionMask = 2147483647;
			files = (
			);
			runOnlyForDeploymentPostprocessing = 0;
		};
		C0DE0D052F5D4E36007BA897 /* Frameworks */ = {
			isa = PBXFrameworksBuildPhase;
			buildActionMask = 2147483647;
			files = (
			);
			runOnlyForDeploymentPostprocessing = 0;
		};
/* End PBXFrameworksBuildPhase section */

/* Begin PBXGroup section */
		C05784252F5D836C004C7FCD /* Destination */ = {
			isa = PBXGroup;
			children = (
				C05784262F5D8384004C7FCD /* DestinationPickerView.swift */,
			);
			path = Destination;
			sourceTree = "<group>";
		};
		C074F6AA2F5D742C0078A78D /* Settings */ = {
			isa = PBXGroup;
			children = (
				C074F6AB2F5D74300078A78D /* SettingsView.swift */,
			);
			path = Settings;
			sourceTree = "<group>";
		};
		C07AEF562F5D554A00746EB7 /* Frameworks */ = {
			isa = PBXGroup;
			children = (
				C07AEF572F5D554A00746EB7 /* CarPlay.framework */,
			);
			name = Frameworks;
			sourceTree = "<group>";
		};
		C0D58F552F5D4E9A006A068E /* Features */ = {
			isa = PBXGroup;
			children = (
				C0D58F562F5D4EA2006A068E /* Map */,
				C074F6AA2F5D742C0078A78D /* Settings */,
				C05784252F5D836C004C7FCD /* Destination */,
				C0F7A7292F5D9233001C4927 /* StationDetail */,
			);
			path = Features;
			sourceTree = "<group>";
		};
		C0D58F562F5D4EA2006A068E /* Map */ = {
			isa = PBXGroup;
			children = (
				C0D58F482F5D4E91006A068E /* ContentView.swift */,
			);
			path = Map;
			sourceTree = "<group>";
		};
		C0D58F572F5D4EAA006A068E /* CarPlay */ = {
			isa = PBXGroup;
			children = (
				C0D58F5D2F5D4F9A006A068E /* CarPlaySceneDelegate.swift */,
			);
			path = CarPlay;
			sourceTree = "<group>";
		};
		C0D58F582F5D4EB9006A068E /* Shared */ = {
			isa = PBXGroup;
			children = (
				C0D58F5A2F5D4EC9006A068E /* Services */,
				C0D58F592F5D4EC3006A068E /* Models */,
			);
			path = Shared;
			sourceTree = "<group>";
		};
		C0D58F592F5D4EC3006A068E /* Models */ = {
			isa = PBXGroup;
			children = (
				C0D58F5F2F5D4FB6006A068E /* DriveState.swift */,
				C074F6A22F5D698E0078A78D /* RoadsideStation.swift */,
				C074F6A82F5D74290078A78D /* AppSettings.swift */,
			);
			path = Models;
			sourceTree = "<group>";
		};
		C0D58F5A2F5D4EC9006A068E /* Services */ = {
			isa = PBXGroup;
			children = (
				C0D58F612F5D4FE1006A068E /* LocationService.swift */,
				C074F6A42F5D69AD0078A78D /* GeoUtils.swift */,
				C074F6A62F5D69CD0078A78D /* RoadsideStationService.swift */,
				C074F6AD2F5D743C0078A78D /* NavigationService.swift */,
			);
			path = Services;
			sourceTree = "<group>";
		};
		C0DE0CE62F5D4E35007BA897 = {
			isa = PBXGroup;
			children = (
				C0D58F582F5D4EB9006A068E /* Shared */,
				C0D58F572F5D4EAA006A068E /* CarPlay */,
				C0D58F552F5D4E9A006A068E /* Features */,
				C0DE0D1B2F5D4E75007BA897 /* App */,
				C0DE0CF12F5D4E35007BA897 /* MichiNavi */,
				C0DE0D012F5D4E36007BA897 /* MichiNaviTests */,
				C0DE0D0B2F5D4E36007BA897 /* MichiNaviUITests */,
				C07AEF562F5D554A00746EB7 /* Frameworks */,
				C0DE0CF02F5D4E35007BA897 /* Products */,
			);
			sourceTree = "<group>";
		};
		C0DE0CF02F5D4E35007BA897 /* Products */ = {
			isa = PBXGroup;
			children = (
				C0DE0CEF2F5D4E35007BA897 /* MichiNavi.app */,
				C0DE0CFE2F5D4E36007BA897 /* MichiNaviTests.xctest */,
				C0DE0D082F5D4E36007BA897 /* MichiNaviUITests.xctest */,
			);
			name = Products;
			sourceTree = "<group>";
		};
		C0DE0D1B2F5D4E75007BA897 /* App */ = {
			isa = PBXGroup;
			children = (
				C0D58F4A2F5D4E91006A068E /* MichiNaviApp.swift */,
				C0D58F5B2F5D4F62006A068E /* AppDelegate.swift */,
			);
			path = App;
			sourceTree = "<group>";
		};
		C0F7A7292F5D9233001C4927 /* StationDetail */ = {
			isa = PBXGroup;
			children = (
				C0F7A72A2F5D9245001C4927 /* StationDetailView.swift */,
			);
			path = StationDetail;
			sourceTree = "<group>";
		};
/* End PBXGroup section */

/* Begin PBXNativeTarget section */
		C0DE0CEE2F5D4E35007BA897 /* MichiNavi */ = {
			isa = PBXNativeTarget;
			buildConfigurationList = C0DE0D122F5D4E36007BA897 /* Build configuration list for PBXNativeTarget "MichiNavi" */;
			buildPhases = (
				C0DE0CEB2F5D4E35007BA897 /* Sources */,
				C0DE0CEC2F5D4E35007BA897 /* Frameworks */,
				C0DE0CED2F5D4E35007BA897 /* Resources */,
			);
			buildRules = (
			);
			dependencies = (
			);
			fileSystemSynchronizedGroups = (
				C0DE0CF12F5D4E35007BA897 /* MichiNavi */,
			);
			name = MichiNavi;
			packageProductDependencies = (
			);
			productName = MichiNavi;
			productReference = C0DE0CEF2F5D4E35007BA897 /* MichiNavi.app */;
			productType = "com.apple.product-type.application";
		};
		C0DE0CFD2F5D4E36007BA897 /* MichiNaviTests */ = {
			isa = PBXNativeTarget;
			buildConfigurationList = C0DE0D152F5D4E36007BA897 /* Build configuration list for PBXNativeTarget "MichiNaviTests" */;
			buildPhases = (
				C0DE0CFA2F5D4E36007BA897 /* Sources */,
				C0DE0CFB2F5D4E36007BA897 /* Frameworks */,
				C0DE0CFC2F5D4E36007BA897 /* Resources */,
			);
			buildRules = (
			);
			dependencies = (
				C0DE0D002F5D4E36007BA897 /* PBXTargetDependency */,
			);
			fileSystemSynchronizedGroups = (
				C0DE0D012F5D4E36007BA897 /* MichiNaviTests */,
			);
			name = MichiNaviTests;
			packageProductDependencies = (
			);
			productName = MichiNaviTests;
			productReference = C0DE0CFE2F5D4E36007BA897 /* MichiNaviTests.xctest */;
			productType = "com.apple.product-type.bundle.unit-test";
		};
		C0DE0D072F5D4E36007BA897 /* MichiNaviUITests */ = {
			isa = PBXNativeTarget;
			buildConfigurationList = C0DE0D182F5D4E36007BA897 /* Build configuration list for PBXNativeTarget "MichiNaviUITests" */;
			buildPhases = (
				C0DE0D042F5D4E36007BA897 /* Sources */,
				C0DE0D052F5D4E36007BA897 /* Frameworks */,
				C0DE0D062F5D4E36007BA897 /* Resources */,
			);
			buildRules = (
			);
			dependencies = (
				C0DE0D0A2F5D4E36007BA897 /* PBXTargetDependency */,
			);
			fileSystemSynchronizedGroups = (
				C0DE0D0B2F5D4E36007BA897 /* MichiNaviUITests */,
			);
			name = MichiNaviUITests;
			packageProductDependencies = (
			);
			productName = MichiNaviUITests;
			productReference = C0DE0D082F5D4E36007BA897 /* MichiNaviUITests.xctest */;
			productType = "com.apple.product-type.bundle.ui-testing";
		};
/* End PBXNativeTarget section */

/* Begin PBXProject section */
		C0DE0CE72F5D4E35007BA897 /* Project object */ = {
			isa = PBXProject;
			attributes = {
				BuildIndependentTargetsInParallel = 1;
				LastSwiftUpdateCheck = 2630;
				LastUpgradeCheck = 2630;
				TargetAttributes = {
					C0DE0CEE2F5D4E35007BA897 = {
						CreatedOnToolsVersion = 26.3;
					};
					C0DE0CFD2F5D4E36007BA897 = {
						CreatedOnToolsVersion = 26.3;
						TestTargetID = C0DE0CEE2F5D4E35007BA897;
					};
					C0DE0D072F5D4E36007BA897 = {
						CreatedOnToolsVersion = 26.3;
						TestTargetID = C0DE0CEE2F5D4E35007BA897;
					};
				};
			};
			buildConfigurationList = C0DE0CEA2F5D4E35007BA897 /* Build configuration list for PBXProject "MichiNavi" */;
			developmentRegion = en;
			hasScannedForEncodings = 0;
			knownRegions = (
				en,
				Base,
			);
			mainGroup = C0DE0CE62F5D4E35007BA897;
			minimizedProjectReferenceProxies = 1;
			preferredProjectObjectVersion = 77;
			productRefGroup = C0DE0CF02F5D4E35007BA897 /* Products */;
			projectDirPath = "";
			projectRoot = "";
			targets = (
				C0DE0CEE2F5D4E35007BA897 /* MichiNavi */,
				C0DE0CFD2F5D4E36007BA897 /* MichiNaviTests */,
				C0DE0D072F5D4E36007BA897 /* MichiNaviUITests */,
			);
		};
/* End PBXProject section */

/* Begin PBXResourcesBuildPhase section */
		C0DE0CED2F5D4E35007BA897 /* Resources */ = {
			isa = PBXResourcesBuildPhase;
			buildActionMask = 2147483647;
			files = (
			);
			runOnlyForDeploymentPostprocessing = 0;
		};
		C0DE0CFC2F5D4E36007BA897 /* Resources */ = {
			isa = PBXResourcesBuildPhase;
			buildActionMask = 2147483647;
			files = (
			);
			runOnlyForDeploymentPostprocessing = 0;
		};
		C0DE0D062F5D4E36007BA897 /* Resources */ = {
			isa = PBXResourcesBuildPhase;
			buildActionMask = 2147483647;
			files = (
			);
			runOnlyForDeploymentPostprocessing = 0;
		};
/* End PBXResourcesBuildPhase section */

/* Begin PBXSourcesBuildPhase section */
		C0DE0CEB2F5D4E35007BA897 /* Sources */ = {
			isa = PBXSourcesBuildPhase;
			buildActionMask = 2147483647;
			files = (
				C0D58F622F5D4FE1006A068E /* LocationService.swift in Sources */,
				C074F6A32F5D698E0078A78D /* RoadsideStation.swift in Sources */,
				C0D58F5C2F5D4F62006A068E /* AppDelegate.swift in Sources */,
				C0D58F4C2F5D4E91006A068E /* ContentView.swift in Sources */,
				C0D58F4E2F5D4E91006A068E /* MichiNaviApp.swift in Sources */,
				C05784272F5D8384004C7FCD /* DestinationPickerView.swift in Sources */,
				C0F7A72B2F5D9245001C4927 /* StationDetailView.swift in Sources */,
				C074F6A72F5D69CD0078A78D /* RoadsideStationService.swift in Sources */,
				C074F6A52F5D69AD0078A78D /* GeoUtils.swift in Sources */,
				C074F6AE2F5D743C0078A78D /* NavigationService.swift in Sources */,
				C0D58F602F5D4FB6006A068E /* DriveState.swift in Sources */,
				C074F6A92F5D74290078A78D /* AppSettings.swift in Sources */,
				C0D58F5E2F5D4F9A006A068E /* CarPlaySceneDelegate.swift in Sources */,
				C074F6AC2F5D74300078A78D /* SettingsView.swift in Sources */,
			);
			runOnlyForDeploymentPostprocessing = 0;
		};
		C0DE0CFA2F5D4E36007BA897 /* Sources */ = {
			isa = PBXSourcesBuildPhase;
			buildActionMask = 2147483647;
			files = (
			);
			runOnlyForDeploymentPostprocessing = 0;
		};
		C0DE0D042F5D4E36007BA897 /* Sources */ = {
			isa = PBXSourcesBuildPhase;
			buildActionMask = 2147483647;
			files = (
			);
			runOnlyForDeploymentPostprocessing = 0;
		};
/* End PBXSourcesBuildPhase section */

/* Begin PBXTargetDependency section */
		C0DE0D002F5D4E36007BA897 /* PBXTargetDependency */ = {
			isa = PBXTargetDependency;
			target = C0DE0CEE2F5D4E35007BA897 /* MichiNavi */;
			targetProxy = C0DE0CFF2F5D4E36007BA897 /* PBXContainerItemProxy */;
		};
		C0DE0D0A2F5D4E36007BA897 /* PBXTargetDependency */ = {
			isa = PBXTargetDependency;
			target = C0DE0CEE2F5D4E35007BA897 /* MichiNavi */;
			targetProxy = C0DE0D092F5D4E36007BA897 /* PBXContainerItemProxy */;
		};
/* End PBXTargetDependency section */

/* Begin XCBuildConfiguration section */
		C0DE0D102F5D4E36007BA897 /* Debug */ = {
			isa = XCBuildConfiguration;
			buildSettings = {
				ALWAYS_SEARCH_USER_PATHS = NO;
				ASSETCATALOG_COMPILER_GENERATE_SWIFT_ASSET_SYMBOL_EXTENSIONS = YES;
				CLANG_ANALYZER_NONNULL = YES;
				CLANG_ANALYZER_NUMBER_OBJECT_CONVERSION = YES_AGGRESSIVE;
				CLANG_CXX_LANGUAGE_STANDARD = "gnu++20";
				CLANG_ENABLE_MODULES = YES;
				CLANG_ENABLE_OBJC_ARC = YES;
				CLANG_ENABLE_OBJC_WEAK = YES;
				CLANG_WARN_BLOCK_CAPTURE_AUTORELEASING = YES;
				CLANG_WARN_BOOL_CONVERSION = YES;
				CLANG_WARN_COMMA = YES;
				CLANG_WARN_CONSTANT_CONVERSION = YES;
				CLANG_WARN_DEPRECATED_OBJC_IMPLEMENTATIONS = YES;
				CLANG_WARN_DIRECT_OBJC_ISA_USAGE = YES_ERROR;
				CLANG_WARN_DOCUMENTATION_COMMENTS = YES;
				CLANG_WARN_EMPTY_BODY = YES;
				CLANG_WARN_ENUM_CONVERSION = YES;
				CLANG_WARN_INFINITE_RECURSION = YES;
				CLANG_WARN_INT_CONVERSION = YES;
				CLANG_WARN_NON_LITERAL_NULL_CONVERSION = YES;
				CLANG_WARN_OBJC_IMPLICIT_RETAIN_SELF = YES;
				CLANG_WARN_OBJC_LITERAL_CONVERSION = YES;
				CLANG_WARN_OBJC_ROOT_CLASS = YES_ERROR;
				CLANG_WARN_QUOTED_INCLUDE_IN_FRAMEWORK_HEADER = YES;
				CLANG_WARN_RANGE_LOOP_ANALYSIS = YES;
				CLANG_WARN_STRICT_PROTOTYPES = YES;
				CLANG_WARN_SUSPICIOUS_MOVE = YES;
				CLANG_WARN_UNGUARDED_AVAILABILITY = YES_AGGRESSIVE;
				CLANG_WARN_UNREACHABLE_CODE = YES;
				CLANG_WARN__DUPLICATE_METHOD_MATCH = YES;
				COPY_PHASE_STRIP = NO;
				DEBUG_INFORMATION_FORMAT = dwarf;
				ENABLE_STRICT_OBJC_MSGSEND = YES;
				ENABLE_TESTABILITY = YES;
				ENABLE_USER_SCRIPT_SANDBOXING = YES;
				GCC_C_LANGUAGE_STANDARD = gnu17;
				GCC_DYNAMIC_NO_PIC = NO;
				GCC_NO_COMMON_BLOCKS = YES;
				GCC_OPTIMIZATION_LEVEL = 0;
				GCC_PREPROCESSOR_DEFINITIONS = (
					"DEBUG=1",
					"$(inherited)",
				);
				GCC_WARN_64_TO_32_BIT_CONVERSION = YES;
				GCC_WARN_ABOUT_RETURN_TYPE = YES_ERROR;
				GCC_WARN_UNDECLARED_SELECTOR = YES;
				GCC_WARN_UNINITIALIZED_AUTOS = YES_AGGRESSIVE;
				GCC_WARN_UNUSED_FUNCTION = YES;
				GCC_WARN_UNUSED_VARIABLE = YES;
				IPHONEOS_DEPLOYMENT_TARGET = 26.2;
				LOCALIZATION_PREFERS_STRING_CATALOGS = YES;
				MTL_ENABLE_DEBUG_INFO = INCLUDE_SOURCE;
				MTL_FAST_MATH = YES;
				ONLY_ACTIVE_ARCH = YES;
				SDKROOT = iphoneos;
				SWIFT_ACTIVE_COMPILATION_CONDITIONS = "DEBUG $(inherited)";
				SWIFT_OPTIMIZATION_LEVEL = "-Onone";
			};
			name = Debug;
		};
		C0DE0D112F5D4E36007BA897 /* Release */ = {
			isa = XCBuildConfiguration;
			buildSettings = {
				ALWAYS_SEARCH_USER_PATHS = NO;
				ASSETCATALOG_COMPILER_GENERATE_SWIFT_ASSET_SYMBOL_EXTENSIONS = YES;
				CLANG_ANALYZER_NONNULL = YES;
				CLANG_ANALYZER_NUMBER_OBJECT_CONVERSION = YES_AGGRESSIVE;
				CLANG_CXX_LANGUAGE_STANDARD = "gnu++20";
				CLANG_ENABLE_MODULES = YES;
				CLANG_ENABLE_OBJC_ARC = YES;
				CLANG_ENABLE_OBJC_WEAK = YES;
				CLANG_WARN_BLOCK_CAPTURE_AUTORELEASING = YES;
				CLANG_WARN_BOOL_CONVERSION = YES;
				CLANG_WARN_COMMA = YES;
				CLANG_WARN_CONSTANT_CONVERSION = YES;
				CLANG_WARN_DEPRECATED_OBJC_IMPLEMENTATIONS = YES;
				CLANG_WARN_DIRECT_OBJC_ISA_USAGE = YES_ERROR;
				CLANG_WARN_DOCUMENTATION_COMMENTS = YES;
				CLANG_WARN_EMPTY_BODY = YES;
				CLANG_WARN_ENUM_CONVERSION = YES;
				CLANG_WARN_INFINITE_RECURSION = YES;
				CLANG_WARN_INT_CONVERSION = YES;
				CLANG_WARN_NON_LITERAL_NULL_CONVERSION = YES;
				CLANG_WARN_OBJC_IMPLICIT_RETAIN_SELF = YES;
				CLANG_WARN_OBJC_LITERAL_CONVERSION = YES;
				CLANG_WARN_OBJC_ROOT_CLASS = YES_ERROR;
				CLANG_WARN_QUOTED_INCLUDE_IN_FRAMEWORK_HEADER = YES;
				CLANG_WARN_RANGE_LOOP_ANALYSIS = YES;
				CLANG_WARN_STRICT_PROTOTYPES = YES;
				CLANG_WARN_SUSPICIOUS_MOVE = YES;
				CLANG_WARN_UNGUARDED_AVAILABILITY = YES_AGGRESSIVE;
				CLANG_WARN_UNREACHABLE_CODE = YES;
				CLANG_WARN__DUPLICATE_METHOD_MATCH = YES;
				COPY_PHASE_STRIP = NO;
				DEBUG_INFORMATION_FORMAT = "dwarf-with-dsym";
				ENABLE_NS_ASSERTIONS = NO;
				ENABLE_STRICT_OBJC_MSGSEND = YES;
				ENABLE_USER_SCRIPT_SANDBOXING = YES;
				GCC_C_LANGUAGE_STANDARD = gnu17;
				GCC_NO_COMMON_BLOCKS = YES;
				GCC_WARN_64_TO_32_BIT_CONVERSION = YES;
				GCC_WARN_ABOUT_RETURN_TYPE = YES_ERROR;
				GCC_WARN_UNDECLARED_SELECTOR = YES;
				GCC_WARN_UNINITIALIZED_AUTOS = YES_AGGRESSIVE;
				GCC_WARN_UNUSED_FUNCTION = YES;
				GCC_WARN_UNUSED_VARIABLE = YES;
				IPHONEOS_DEPLOYMENT_TARGET = 26.2;
				LOCALIZATION_PREFERS_STRING_CATALOGS = YES;
				MTL_ENABLE_DEBUG_INFO = NO;
				MTL_FAST_MATH = YES;
				SDKROOT = iphoneos;
				SWIFT_COMPILATION_MODE = wholemodule;
				VALIDATE_PRODUCT = YES;
			};
			name = Release;
		};
		C0DE0D132F5D4E36007BA897 /* Debug */ = {
			isa = XCBuildConfiguration;
			buildSettings = {
				ASSETCATALOG_COMPILER_APPICON_NAME = AppIcon;
				ASSETCATALOG_COMPILER_GLOBAL_ACCENT_COLOR_NAME = AccentColor;
				CODE_SIGN_ENTITLEMENTS = App/Michinavi.entitlements;
				CODE_SIGN_STYLE = Automatic;
				CURRENT_PROJECT_VERSION = 1;
				DEVELOPMENT_TEAM = 9L6A9KDH5P;
				ENABLE_PREVIEWS = YES;
				GENERATE_INFOPLIST_FILE = YES;
				INFOPLIST_FILE = MichiNavi/Info.plist;
				INFOPLIST_KEY_NSLocationAlwaysAndWhenInUseUsageDescription = "Michi-navi は走行中の現在地・速度・ルート案内のために、バックグラウンドでも位置情報を使用します。";
				INFOPLIST_KEY_NSLocationWhenInUseUsageDescription = "Michi-navi は現在地の表示と周辺情報の取得に位置情報を使用します。";
				INFOPLIST_KEY_UIApplicationSceneManifest_Generation = NO;
				INFOPLIST_KEY_UIApplicationSupportsIndirectInputEvents = YES;
				INFOPLIST_KEY_UILaunchScreen_Generation = YES;
				INFOPLIST_KEY_UISupportedInterfaceOrientations_iPad = "UIInterfaceOrientationPortrait UIInterfaceOrientationPortraitUpsideDown UIInterfaceOrientationLandscapeLeft UIInterfaceOrientationLandscapeRight";
				INFOPLIST_KEY_UISupportedInterfaceOrientations_iPhone = "UIInterfaceOrientationPortrait UIInterfaceOrientationLandscapeLeft UIInterfaceOrientationLandscapeRight";
				LD_RUNPATH_SEARCH_PATHS = (
					"$(inherited)",
					"@executable_path/Frameworks",
				);
				MARKETING_VERSION = 1.0;
				PRODUCT_BUNDLE_IDENTIFIER = com.osprey74.MichiNavi;
				PRODUCT_NAME = "$(TARGET_NAME)";
				STRING_CATALOG_GENERATE_SYMBOLS = YES;
				SWIFT_APPROACHABLE_CONCURRENCY = YES;
				SWIFT_DEFAULT_ACTOR_ISOLATION = MainActor;
				SWIFT_EMIT_LOC_STRINGS = YES;
				SWIFT_UPCOMING_FEATURE_MEMBER_IMPORT_VISIBILITY = YES;
				SWIFT_VERSION = 5.0;
				TARGETED_DEVICE_FAMILY = "1,2";
			};
			name = Debug;
		};
		C0DE0D142F5D4E36007BA897 /* Release */ = {
			isa = XCBuildConfiguration;
			buildSettings = {
				ASSETCATALOG_COMPILER_APPICON_NAME = AppIcon;
				ASSETCATALOG_COMPILER_GLOBAL_ACCENT_COLOR_NAME = AccentColor;
				CODE_SIGN_ENTITLEMENTS = App/Michinavi.entitlements;
				CODE_SIGN_STYLE = Automatic;
				CURRENT_PROJECT_VERSION = 1;
				DEVELOPMENT_TEAM = 9L6A9KDH5P;
				ENABLE_PREVIEWS = YES;
				GENERATE_INFOPLIST_FILE = YES;
				INFOPLIST_FILE = MichiNavi/Info.plist;
				INFOPLIST_KEY_NSLocationAlwaysAndWhenInUseUsageDescription = "Michi-navi は走行中の現在地・速度・ルート案内のために、バックグラウンドでも位置情報を使用します。";
				INFOPLIST_KEY_NSLocationWhenInUseUsageDescription = "Michi-navi は現在地の表示と周辺情報の取得に位置情報を使用します。";
				INFOPLIST_KEY_UIApplicationSceneManifest_Generation = NO;
				INFOPLIST_KEY_UIApplicationSupportsIndirectInputEvents = YES;
				INFOPLIST_KEY_UILaunchScreen_Generation = YES;
				INFOPLIST_KEY_UISupportedInterfaceOrientations_iPad = "UIInterfaceOrientationPortrait UIInterfaceOrientationPortraitUpsideDown UIInterfaceOrientationLandscapeLeft UIInterfaceOrientationLandscapeRight";
				INFOPLIST_KEY_UISupportedInterfaceOrientations_iPhone = "UIInterfaceOrientationPortrait UIInterfaceOrientationLandscapeLeft UIInterfaceOrientationLandscapeRight";
				LD_RUNPATH_SEARCH_PATHS = (
					"$(inherited)",
					"@executable_path/Frameworks",
				);
				MARKETING_VERSION = 1.0;
				PRODUCT_BUNDLE_IDENTIFIER = com.osprey74.MichiNavi;
				PRODUCT_NAME = "$(TARGET_NAME)";
				STRING_CATALOG_GENERATE_SYMBOLS = YES;
				SWIFT_APPROACHABLE_CONCURRENCY = YES;
				SWIFT_DEFAULT_ACTOR_ISOLATION = MainActor;
				SWIFT_EMIT_LOC_STRINGS = YES;
				SWIFT_UPCOMING_FEATURE_MEMBER_IMPORT_VISIBILITY = YES;
				SWIFT_VERSION = 5.0;
				TARGETED_DEVICE_FAMILY = "1,2";
			};
			name = Release;
		};
		C0DE0D162F5D4E36007BA897 /* Debug */ = {
			isa = XCBuildConfiguration;
			buildSettings = {
				BUNDLE_LOADER = "$(TEST_HOST)";
				CODE_SIGN_STYLE = Automatic;
				CURRENT_PROJECT_VERSION = 1;
				GENERATE_INFOPLIST_FILE = YES;
				IPHONEOS_DEPLOYMENT_TARGET = 26.2;
				MARKETING_VERSION = 1.0;
				PRODUCT_BUNDLE_IDENTIFIER = com.osprey74.MichiNaviTests;
				PRODUCT_NAME = "$(TARGET_NAME)";
				STRING_CATALOG_GENERATE_SYMBOLS = NO;
				SWIFT_APPROACHABLE_CONCURRENCY = YES;
				SWIFT_EMIT_LOC_STRINGS = NO;
				SWIFT_UPCOMING_FEATURE_MEMBER_IMPORT_VISIBILITY = YES;
				SWIFT_VERSION = 5.0;
				TARGETED_DEVICE_FAMILY = "1,2";
				TEST_HOST = "$(BUILT_PRODUCTS_DIR)/MichiNavi.app/$(BUNDLE_EXECUTABLE_FOLDER_PATH)/MichiNavi";
			};
			name = Debug;
		};
		C0DE0D172F5D4E36007BA897 /* Release */ = {
			isa = XCBuildConfiguration;
			buildSettings = {
				BUNDLE_LOADER = "$(TEST_HOST)";
				CODE_SIGN_STYLE = Automatic;
				CURRENT_PROJECT_VERSION = 1;
				GENERATE_INFOPLIST_FILE = YES;
				IPHONEOS_DEPLOYMENT_TARGET = 26.2;
				MARKETING_VERSION = 1.0;
				PRODUCT_BUNDLE_IDENTIFIER = com.osprey74.MichiNaviTests;
				PRODUCT_NAME = "$(TARGET_NAME)";
				STRING_CATALOG_GENERATE_SYMBOLS = NO;
				SWIFT_APPROACHABLE_CONCURRENCY = YES;
				SWIFT_EMIT_LOC_STRINGS = NO;
				SWIFT_UPCOMING_FEATURE_MEMBER_IMPORT_VISIBILITY = YES;
				SWIFT_VERSION = 5.0;
				TARGETED_DEVICE_FAMILY = "1,2";
				TEST_HOST = "$(BUILT_PRODUCTS_DIR)/MichiNavi.app/$(BUNDLE_EXECUTABLE_FOLDER_PATH)/MichiNavi";
			};
			name = Release;
		};
		C0DE0D192F5D4E36007BA897 /* Debug */ = {
			isa = XCBuildConfiguration;
			buildSettings = {
				CODE_SIGN_STYLE = Automatic;
				CURRENT_PROJECT_VERSION = 1;
				GENERATE_INFOPLIST_FILE = YES;
				MARKETING_VERSION = 1.0;
				PRODUCT_BUNDLE_IDENTIFIER = com.osprey74.MichiNaviUITests;
				PRODUCT_NAME = "$(TARGET_NAME)";
				STRING_CATALOG_GENERATE_SYMBOLS = NO;
				SWIFT_APPROACHABLE_CONCURRENCY = YES;
				SWIFT_EMIT_LOC_STRINGS = NO;
				SWIFT_UPCOMING_FEATURE_MEMBER_IMPORT_VISIBILITY = YES;
				SWIFT_VERSION = 5.0;
				TARGETED_DEVICE_FAMILY = "1,2";
				TEST_TARGET_NAME = MichiNavi;
			};
			name = Debug;
		};
		C0DE0D1A2F5D4E36007BA897 /* Release */ = {
			isa = XCBuildConfiguration;
			buildSettings = {
				CODE_SIGN_STYLE = Automatic;
				CURRENT_PROJECT_VERSION = 1;
				GENERATE_INFOPLIST_FILE = YES;
				MARKETING_VERSION = 1.0;
				PRODUCT_BUNDLE_IDENTIFIER = com.osprey74.MichiNaviUITests;
				PRODUCT_NAME = "$(TARGET_NAME)";
				STRING_CATALOG_GENERATE_SYMBOLS = NO;
				SWIFT_APPROACHABLE_CONCURRENCY = YES;
				SWIFT_EMIT_LOC_STRINGS = NO;
				SWIFT_UPCOMING_FEATURE_MEMBER_IMPORT_VISIBILITY = YES;
				SWIFT_VERSION = 5.0;
				TARGETED_DEVICE_FAMILY = "1,2";
				TEST_TARGET_NAME = MichiNavi;
			};
			name = Release;
		};
/* End XCBuildConfiguration section */

/* Begin XCConfigurationList section */
		C0DE0CEA2F5D4E35007BA897 /* Build configuration list for PBXProject "MichiNavi" */ = {
			isa = XCConfigurationList;
			buildConfigurations = (
				C0DE0D102F5D4E36007BA897 /* Debug */,
				C0DE0D112F5D4E36007BA897 /* Release */,
			);
			defaultConfigurationIsVisible = 0;
			defaultConfigurationName = Release;
		};
		C0DE0D122F5D4E36007BA897 /* Build configuration list for PBXNativeTarget "MichiNavi" */ = {
			isa = XCConfigurationList;
			buildConfigurations = (
				C0DE0D132F5D4E36007BA897 /* Debug */,
				C0DE0D142F5D4E36007BA897 /* Release */,
			);
			defaultConfigurationIsVisible = 0;
			defaultConfigurationName = Release;
		};
		C0DE0D152F5D4E36007BA897 /* Build configuration list for PBXNativeTarget "MichiNaviTests" */ = {
			isa = XCConfigurationList;
			buildConfigurations = (
				C0DE0D162F5D4E36007BA897 /* Debug */,
				C0DE0D172F5D4E36007BA897 /* Release */,
			);
			defaultConfigurationIsVisible = 0;
			defaultConfigurationName = Release;
		};
		C0DE0D182F5D4E36007BA897 /* Build configuration list for PBXNativeTarget "MichiNaviUITests" */ = {
			isa = XCConfigurationList;
			buildConfigurations = (
				C0DE0D192F5D4E36007BA897 /* Debug */,
				C0DE0D1A2F5D4E36007BA897 /* Release */,
			);
			defaultConfigurationIsVisible = 0;
			defaultConfigurationName = Release;
		};
/* End XCConfigurationList section */
	};
	rootObject = C0DE0CE72F5D4E35007BA897 /* Project object */;
}
